
Microsoft Visual Studio Solution File, Format Version 12.00
# Visual Studio Version 16
VisualStudioVersion = 16.0.30204.135
MinimumVisualStudioVersion = 10.0.40219.1
Project("{FAE04EC0-301F-11D3-BF4B-00C04F79EFBC}") = "ILibPack", "ILibPack.csproj", "{79E70613-79EE-4802-97F3-B71CB9409E03}"
EndProject
Global
	GlobalSection(SolutionConfigurationPlatforms) = preSolution
		Debug|Any CPU = Debug|Any CPU
		Release|Any CPU = Release|Any CPU
	EndGlobalSection
	GlobalSection(ProjectConfigurationPlatforms) = postSolution
		{79E70613-79EE-4802-97F3-B71CB9409E03}.Debug|Any CPU.ActiveCfg = Debug|Any CPU
		{79E70613-79EE-4802-97F3-B71CB9409E03}.Debug|Any CPU.Build.0 = Debug|Any CPU
		{79E70613-79EE-4802-97F3-B71CB9409E03}.Release|Any CPU.ActiveCfg = Release|Any CPU
		{79E70613-79EE-4802-97F3-B71CB9409E03}.Release|Any CPU.Build.0 = Release|Any CPU
	EndGlobalSection
	GlobalSection(SolutionProperties) = preSolution
		HideSolutionNode = FALSE
	EndGlobalSection
	GlobalSection(ExtensibilityGlobals) = postSolution
		SolutionGuid = {D14FD946-725F-423F-B2FD-B94F156299E0}
	EndGlobalSection
EndGlobal
